{
  "name": "view-counter",
  "version": "1.0.0",
  "lockfileVersion": 1,
  "requires": true,
  "dependencies": {
    "badgen": {
      "version": "3.2.2",
      "resolved": "https://registry.npmjs.org/badgen/-/badgen-3.2.2.tgz",
      "integrity": "sha512-MfBNhOzp+qbTg/3BAeaK1g+VE3uZ0CRfqMyrfyI3JUBz7b+DwxrZbYQdz5JQnibRih9YOVzXuVJl3A3xaWXfFQ=="
    }
  }
}
